// !$*UTF8*$!
{
	archiveVersion = 1;
	classes = {
	};
	objectVersion = 48;
	objects = {

/* Begin PBXBuildFile section */
		FDFA1E2126E8D65B00FEA89C /* AppDelegate.swift in Sources */ = {isa = PBXBuildFile; fileRef = FDFA1E2026E8D65B00FEA89C /* AppDelegate.swift */; };
		FDFA1E2326E8D65B00FEA89C /* ViewController.swift in Sources */ = {isa = PBXBuildFile; fileRef = FDFA1E2226E8D65B00FEA89C /* ViewController.swift */; };
		FDFA1E2626E8D65B00FEA89C /* Main.storyboard in Resources */ = {isa = PBXBuildFile; fileRef = FDFA1E2426E8D65B00FEA89C /* Main.storyboard */; };
		FDFA1E2826E8D65C00FEA89C /* Assets.xcassets in Resources */ = {isa = PBXBuildFile; fileRef = FDFA1E2726E8D65C00FEA89C /* Assets.xcassets */; };
		FDFA1E2B26E8D65C00FEA89C /* LaunchScreen.storyboard in Resources */ = {isa = PBXBuildFile; fileRef = FDFA1E2926E8D65C00FEA89C /* LaunchScreen.storyboard */; };
		FDFA1E3626E8D65E00FEA89C /* PokedexAppTests.swift in Sources */ = {isa = PBXBuildFile; fileRef = FDFA1E3526E8D65E00FEA89C /* PokedexAppTests.swift */; };
		FDFA1E4126E8D65E00FEA89C /* PokedexAppUITests.swift in Sources */ = {isa = PBXBuildFile; fileRef = FDFA1E4026E8D65E00FEA89C /* PokedexAppUITests.swift */; };
/* End PBXBuildFile section */

/* Begin PBXContainerItemProxy section */
		FDFA1E3226E8D65E00FEA89C /* PBXContainerItemProxy */ = {
			isa = PBXContainerItemProxy;
			containerPortal = FDFA1E1526E8D65A00FEA89C /* Project object */;
			proxyType = 1;
			remoteGlobalIDString = FDFA1E1C26E8D65A00FEA89C;
			remoteInfo = PokedexApp;
		};
		FDFA1E3D26E8D65E00FEA89C /* PBXContainerItemProxy */ = {
			isa = PBXContainerItemProxy;
			containerPortal = FDFA1E1526E8D65A00FEA89C /* Project object */;
			proxyType = 1;
			remoteGlobalIDString = FDFA1E1C26E8D65A00FEA89C;
			remoteInfo = PokedexApp;
		};
/* End PBXContainerItemProxy section */

/* Begin PBXFileReference section */
		FDFA1E1D26E8D65B00FEA89C /* PokedexApp.app */ = {isa = PBXFileReference; explicitFileType = wrapper.application; includeInIndex = 0; path = PokedexApp.app; sourceTree = BUILT_PRODUCTS_DIR; };
		FDFA1E2026E8D65B00FEA89C /* AppDelegate.swift */ = {isa = PBXFileReference; lastKnownFileType = sourcecode.swift; path = AppDelegate.swift; sourceTree = "<group>"; };
		FDFA1E2226E8D65B00FEA89C /* ViewController.swift */ = {isa = PBXFileReference; lastKnownFileType = sourcecode.swift; path = ViewController.swift; sourceTree = "<group>"; };
		FDFA1E2526E8D65B00FEA89C /* Base */ = {isa = PBXFileReference; lastKnownFileType = file.storyboard; name = Base; path = Base.lproj/Main.storyboard; sourceTree = "<group>"; };
		FDFA1E2726E8D65C00FEA89C /* Assets.xcassets */ = {isa = PBXFileReference; lastKnownFileType = folder.assetcatalog; path = Assets.xcassets; sourceTree = "<group>"; };
		FDFA1E2A26E8D65C00FEA89C /* Base */ = {isa = PBXFileReference; lastKnownFileType = file.storyboard; name = Base; path = Base.lproj/LaunchScreen.storyboard; sourceTree = "<group>"; };
		FDFA1E2C26E8D65C00FEA89C /* Info.plist */ = {isa = PBXFileReference; lastKnownFileType = text.plist.xml; path = Info.plist; sourceTree = "<group>"; };
		FDFA1E3126E8D65E00FEA89C /* PokedexAppTests.xctest */ = {isa = PBXFileReference; explicitFileType = wrapper.cfbundle; includeInIndex = 0; path = PokedexAppTests.xctest; sourceTree = BUILT_PRODUCTS_DIR; };
		FDFA1E3526E8D65E00FEA89C /* PokedexAppTests.swift */ = {isa = PBXFileReference; lastKnownFileType = sourcecode.swift; path = PokedexAppTests.swift; sourceTree = "<group>"; };
		FDFA1E3726E8D65E00FEA89C /* Info.plist */ = {isa = PBXFileReference; lastKnownFileType = text.plist.xml; path = Info.plist; sourceTree = "<group>"; };
		FDFA1E3C26E8D65E00FEA89C /* PokedexAppUITests.xctest */ = {isa = PBXFileReference; explicitFileType = wrapper.cfbundle; includeInIndex = 0; path = PokedexAppUITests.xctest; sourceTree = BUILT_PRODUCTS_DIR; };
		FDFA1E4026E8D65E00FEA89C /* PokedexAppUITests.swift */ = {isa = PBXFileReference; lastKnownFileType = sourcecode.swift; path = PokedexAppUITests.swift; sourceTree = "<group>"; };
		FDFA1E4226E8D65E00FEA89C /* Info.plist */ = {isa = PBXFileReference; lastKnownFileType = text.plist.xml; path = Info.plist; sourceTree = "<group>"; };
/* End PBXFileReference section */

/* Begin PBXFrameworksBuildPhase section */
		FDFA1E1A26E8D65A00FEA89C /* Frameworks */ = {
			isa = PBXFrameworksBuildPhase;
			buildActionMask = 2147483647;
			files = (
			);
			runOnlyForDeploymentPostprocessing = 0;
		};
		FDFA1E2E26E8D65E00FEA89C /* Frameworks */ = {
			isa = PBXFrameworksBuildPhase;
			buildActionMask = 2147483647;
			files = (
			);
			runOnlyForDeploymentPostprocessing = 0;
		};
		FDFA1E3926E8D65E00FEA89C /* Frameworks */ = {
			isa = PBXFrameworksBuildPhase;
			buildActionMask = 2147483647;
			files = (
			);
			runOnlyForDeploymentPostprocessing = 0;
		};
/* End PBXFrameworksBuildPhase section */

/* Begin PBXGroup section */
		FDFA1E1426E8D65A00FEA89C = {
			isa = PBXGroup;
			children = (
				FDFA1E1F26E8D65B00FEA89C /* PokedexApp */,
				FDFA1E3426E8D65E00FEA89C /* PokedexAppTests */,
				FDFA1E3F26E8D65E00FEA89C /* PokedexAppUITests */,
				FDFA1E1E26E8D65B00FEA89C /* Products */,
			);
			sourceTree = "<group>";
		};
		FDFA1E1E26E8D65B00FEA89C /* Products */ = {
			isa = PBXGroup;
			children = (
				FDFA1E1D26E8D65B00FEA89C /* PokedexApp.app */,
				FDFA1E3126E8D65E00FEA89C /* PokedexAppTests.xctest */,
				FDFA1E3C26E8D65E00FEA89C /* PokedexAppUITests.xctest */,
			);
			name = Products;
			sourceTree = "<group>";
		};
		FDFA1E1F26E8D65B00FEA89C /* PokedexApp */ = {
			isa = PBXGroup;
			children = (
				FDFA1E2026E8D65B00FEA89C /* AppDelegate.swift */,
				FDFA1E2226E8D65B00FEA89C /* ViewController.swift */,
				FDFA1E2426E8D65B00FEA89C /* Main.storyboard */,
				FDFA1E2726E8D65C00FEA89C /* Assets.xcassets */,
				FDFA1E2926E8D65C00FEA89C /* LaunchScreen.storyboard */,
				FDFA1E2C26E8D65C00FEA89C /* Info.plist */,
			);
			path = PokedexApp;
			sourceTree = "<group>";
		};
		FDFA1E3426E8D65E00FEA89C /* PokedexAppTests */ = {
			isa = PBXGroup;
			children = (
				FDFA1E3526E8D65E00FEA89C /* PokedexAppTests.swift */,
				FDFA1E3726E8D65E00FEA89C /* Info.plist */,
			);
			path = PokedexAppTests;
			sourceTree = "<group>";
		};
		FDFA1E3F26E8D65E00FEA89C /* PokedexAppUITests */ = {
			isa = PBXGroup;
			children = (
				FDFA1E4026E8D65E00FEA89C /* PokedexAppUITests.swift */,
				FDFA1E4226E8D65E00FEA89C /* Info.plist */,
			);
			path = PokedexAppUITests;
			sourceTree = "<group>";
		};
/* End PBXGroup section */

/* Begin PBXNativeTarget section */
		FDFA1E1C26E8D65A00FEA89C /* PokedexApp */ = {
			isa = PBXNativeTarget;
			buildConfigurationList = FDFA1E4526E8D65E00FEA89C /* Build configuration list for PBXNativeTarget "PokedexApp" */;
			buildPhases = (
				FDFA1E1926E8D65A00FEA89C /* Sources */,
				FDFA1E1A26E8D65A00FEA89C /* Frameworks */,
				FDFA1E1B26E8D65A00FEA89C /* Resources */,
			);
			buildRules = (
			);
			dependencies = (
			);
			name = PokedexApp;
			productName = PokedexApp;
			productReference = FDFA1E1D26E8D65B00FEA89C /* PokedexApp.app */;
			productType = "com.apple.product-type.application";
		};
		FDFA1E3026E8D65E00FEA89C /* PokedexAppTests */ = {
			isa = PBXNativeTarget;
			buildConfigurationList = FDFA1E4826E8D65E00FEA89C /* Build configuration list for PBXNativeTarget "PokedexAppTests" */;
			buildPhases = (
				FDFA1E2D26E8D65E00FEA89C /* Sources */,
				FDFA1E2E26E8D65E00FEA89C /* Frameworks */,
				FDFA1E2F26E8D65E00FEA89C /* Resources */,
			);
			buildRules = (
			);
			dependencies = (
				FDFA1E3326E8D65E00FEA89C /* PBXTargetDependency */,
			);
			name = PokedexAppTests;
			productName = PokedexAppTests;
			productReference = FDFA1E3126E8D65E00FEA89C /* PokedexAppTests.xctest */;
			productType = "com.apple.product-type.bundle.unit-test";
		};
		FDFA1E3B26E8D65E00FEA89C /* PokedexAppUITests */ = {
			isa = PBXNativeTarget;
			buildConfigurationList = FDFA1E4B26E8D65E00FEA89C /* Build configuration list for PBXNativeTarget "PokedexAppUITests" */;
			buildPhases = (
				FDFA1E3826E8D65E00FEA89C /* Sources */,
				FDFA1E3926E8D65E00FEA89C /* Frameworks */,
				FDFA1E3A26E8D65E00FEA89C /* Resources */,
			);
			buildRules = (
			);
			dependencies = (
				FDFA1E3E26E8D65E00FEA89C /* PBXTargetDependency */,
			);
			name = PokedexAppUITests;
			productName = PokedexAppUITests;
			productReference = FDFA1E3C26E8D65E00FEA89C /* PokedexAppUITests.xctest */;
			productType = "com.apple.product-type.bundle.ui-testing";
		};
/* End PBXNativeTarget section */

/* Begin PBXProject section */
		FDFA1E1526E8D65A00FEA89C /* Project object */ = {
			isa = PBXProject;
			attributes = {
				LastSwiftUpdateCheck = 0900;
				LastUpgradeCheck = 0900;
				ORGANIZATIONNAME = Zacarias;
				TargetAttributes = {
					FDFA1E1C26E8D65A00FEA89C = {
						CreatedOnToolsVersion = 9.0;
						ProvisioningStyle = Automatic;
					};
					FDFA1E3026E8D65E00FEA89C = {
						CreatedOnToolsVersion = 9.0;
						ProvisioningStyle = Automatic;
						TestTargetID = FDFA1E1C26E8D65A00FEA89C;
					};
					FDFA1E3B26E8D65E00FEA89C = {
						CreatedOnToolsVersion = 9.0;
						ProvisioningStyle = Automatic;
						TestTargetID = FDFA1E1C26E8D65A00FEA89C;
					};
				};
			};
			buildConfigurationList = FDFA1E1826E8D65A00FEA89C /* Build configuration list for PBXProject "PokedexApp" */;
			compatibilityVersion = "Xcode 8.0";
			developmentRegion = en;
			hasScannedForEncodings = 0;
			knownRegions = (
				en,
				Base,
			);
			mainGroup = FDFA1E1426E8D65A00FEA89C;
			productRefGroup = FDFA1E1E26E8D65B00FEA89C /* Products */;
			projectDirPath = "";
			projectRoot = "";
			targets = (
				FDFA1E1C26E8D65A00FEA89C /* PokedexApp */,
				FDFA1E3026E8D65E00FEA89C /* PokedexAppTests */,
				FDFA1E3B26E8D65E00FEA89C /* PokedexAppUITests */,
			);
		};
/* End PBXProject section */

/* Begin PBXResourcesBuildPhase section */
		FDFA1E1B26E8D65A00FEA89C /* Resources */ = {
			isa = PBXResourcesBuildPhase;
			buildActionMask = 2147483647;
			files = (
				FDFA1E2B26E8D65C00FEA89C /* LaunchScreen.storyboard in Resources */,
				FDFA1E2826E8D65C00FEA89C /* Assets.xcassets in Resources */,
				FDFA1E2626E8D65B00FEA89C /* Main.storyboard in Resources */,
			);
			runOnlyForDeploymentPostprocessing = 0;
		};
		FDFA1E2F26E8D65E00FEA89C /* Resources */ = {
			isa = PBXResourcesBuildPhase;
			buildActionMask = 2147483647;
			files = (
			);
			runOnlyForDeploymentPostprocessing = 0;
		};
		FDFA1E3A26E8D65E00FEA89C /* Resources */ = {
			isa = PBXResourcesBuildPhase;
			buildActionMask = 2147483647;
			files = (
			);
			runOnlyForDeploymentPostprocessing = 0;
		};
/* End PBXResourcesBuildPhase section */

/* Begin PBXSourcesBuildPhase section */
		FDFA1E1926E8D65A00FEA89C /* Sources */ = {
			isa = PBXSourcesBuildPhase;
			buildActionMask = 2147483647;
			files = (
				FDFA1E2326E8D65B00FEA89C /* ViewController.swift in Sources */,
				FDFA1E2126E8D65B00FEA89C /* AppDelegate.swift in Sources */,
			);
			runOnlyForDeploymentPostprocessing = 0;
		};
		FDFA1E2D26E8D65E00FEA89C /* Sources */ = {
			isa = PBXSourcesBuildPhase;
			buildActionMask = 2147483647;
			files = (
				FDFA1E3626E8D65E00FEA89C /* PokedexAppTests.swift in Sources */,
			);
			runOnlyForDeploymentPostprocessing = 0;
		};
		FDFA1E3826E8D65E00FEA89C /* Sources */ = {
			isa = PBXSourcesBuildPhase;
			buildActionMask = 2147483647;
			files = (
				FDFA1E4126E8D65E00FEA89C /* PokedexAppUITests.swift in Sources */,
			);
			runOnlyForDeploymentPostprocessing = 0;
		};
/* End PBXSourcesBuildPhase section */

/* Begin PBXTargetDependency section */
		FDFA1E3326E8D65E00FEA89C /* PBXTargetDependency */ = {
			isa = PBXTargetDependency;
			target = FDFA1E1C26E8D65A00FEA89C /* PokedexApp */;
			targetProxy = FDFA1E3226E8D65E00FEA89C /* PBXContainerItemProxy */;
		};
		FDFA1E3E26E8D65E00FEA89C /* PBXTargetDependency */ = {
			isa = PBXTargetDependency;
			target = FDFA1E1C26E8D65A00FEA89C /* PokedexApp */;
			targetProxy = FDFA1E3D26E8D65E00FEA89C /* PBXContainerItemProxy */;
		};
/* End PBXTargetDependency section */

/* Begin PBXVariantGroup section */
		FDFA1E2426E8D65B00FEA89C /* Main.storyboard */ = {
			isa = PBXVariantGroup;
			children = (
				FDFA1E2526E8D65B00FEA89C /* Base */,
			);
			name = Main.storyboard;
			sourceTree = "<group>";
		};
		FDFA1E2926E8D65C00FEA89C /* LaunchScreen.storyboard */ = {
			isa = PBXVariantGroup;
			children = (
				FDFA1E2A26E8D65C00FEA89C /* Base */,
			);
			name = LaunchScreen.storyboard;
			sourceTree = "<group>";
		};
/* End PBXVariantGroup section */

/* Begin XCBuildConfiguration section */
		FDFA1E4326E8D65E00FEA89C /* Debug */ = {
			isa = XCBuildConfiguration;
			buildSettings = {
				ALWAYS_SEARCH_USER_PATHS = NO;
				CLANG_ANALYZER_NONNULL = YES;
				CLANG_ANALYZER_NUMBER_OBJECT_CONVERSION = YES_AGGRESSIVE;
				CLANG_CXX_LANGUAGE_STANDARD = "gnu++14";
				CLANG_CXX_LIBRARY = "libc++";
				CLANG_ENABLE_MODULES = YES;
				CLANG_ENABLE_OBJC_ARC = YES;
				CLANG_WARN_BLOCK_CAPTURE_AUTORELEASING = YES;
				CLANG_WARN_BOOL_CONVERSION = YES;
				CLANG_WARN_COMMA = YES;
				CLANG_WARN_CONSTANT_CONVERSION = YES;
				CLANG_WARN_DIRECT_OBJC_ISA_USAGE = YES_ERROR;
				CLANG_WARN_DOCUMENTATION_COMMENTS = YES;
				CLANG_WARN_EMPTY_BODY = YES;
				CLANG_WARN_ENUM_CONVERSION = YES;
				CLANG_WARN_INFINITE_RECURSION = YES;
				CLANG_WARN_INT_CONVERSION = YES;
				CLANG_WARN_NON_LITERAL_NULL_CONVERSION = YES;
				CLANG_WARN_OBJC_LITERAL_CONVERSION = YES;
				CLANG_WARN_OBJC_ROOT_CLASS = YES_ERROR;
				CLANG_WARN_RANGE_LOOP_ANALYSIS = YES;
				CLANG_WARN_STRICT_PROTOTYPES = YES;
				CLANG_WARN_SUSPICIOUS_MOVE = YES;
				CLANG_WARN_UNGUARDED_AVAILABILITY = YES_AGGRESSIVE;
				CLANG_WARN_UNREACHABLE_CODE = YES;
				CLANG_WARN__DUPLICATE_METHOD_MATCH = YES;
				CODE_SIGN_IDENTITY = "iPhone Developer";
				COPY_PHASE_STRIP = NO;
				DEBUG_INFORMATION_FORMAT = dwarf;
				ENABLE_STRICT_OBJC_MSGSEND = YES;
				ENABLE_TESTABILITY = YES;
				GCC_C_LANGUAGE_STANDARD = gnu11;
				GCC_DYNAMIC_NO_PIC = NO;
				GCC_NO_COMMON_BLOCKS = YES;
				GCC_OPTIMIZATION_LEVEL = 0;
				GCC_PREPROCESSOR_DEFINITIONS = (
					"DEBUG=1",
					"$(inherited)",
				);
				GCC_WARN_64_TO_32_BIT_CONVERSION = YES;
				GCC_WARN_ABOUT_RETURN_TYPE = YES_ERROR;
				GCC_WARN_UNDECLARED_SELECTOR = YES;
				GCC_WARN_UNINITIALIZED_AUTOS = YES_AGGRESSIVE;
				GCC_WARN_UNUSED_FUNCTION = YES;
				GCC_WARN_UNUSED_VARIABLE = YES;
				IPHONEOS_DEPLOYMENT_TARGET = 11.0;
				MTL_ENABLE_DEBUG_INFO = YES;
				ONLY_ACTIVE_ARCH = YES;
				SDKROOT = iphoneos;
				SWIFT_ACTIVE_COMPILATION_CONDITIONS = DEBUG;
				SWIFT_OPTIMIZATION_LEVEL = "-Onone";
			};
			name = Debug;
		};
		FDFA1E4426E8D65E00FEA89C /* Release */ = {
			isa = XCBuildConfiguration;
			buildSettings = {
				ALWAYS_SEARCH_USER_PATHS = NO;
				CLANG_ANALYZER_NONNULL = YES;
				CLANG_ANALYZER_NUMBER_OBJECT_CONVERSION = YES_AGGRESSIVE;
				CLANG_CXX_LANGUAGE_STANDARD = "gnu++14";
				CLANG_CXX_LIBRARY = "libc++";
				CLANG_ENABLE_MODULES = YES;
				CLANG_ENABLE_OBJC_ARC = YES;
				CLANG_WARN_BLOCK_CAPTURE_AUTORELEASING = YES;
				CLANG_WARN_BOOL_CONVERSION = YES;
				CLANG_WARN_COMMA = YES;
				CLANG_WARN_CONSTANT_CONVERSION = YES;
				CLANG_WARN_DIRECT_OBJC_ISA_USAGE = YES_ERROR;
				CLANG_WARN_DOCUMENTATION_COMMENTS = YES;
				CLANG_WARN_EMPTY_BODY = YES;
				CLANG_WARN_ENUM_CONVERSION = YES;
				CLANG_WARN_INFINITE_RECURSION = YES;
				CLANG_WARN_INT_CONVERSION = YES;
				CLANG_WARN_NON_LITERAL_NULL_CONVERSION = YES;
				CLANG_WARN_OBJC_LITERAL_CONVERSION = YES;
				CLANG_WARN_OBJC_ROOT_CLASS = YES_ERROR;
				CLANG_WARN_RANGE_LOOP_ANALYSIS = YES;
				CLANG_WARN_STRICT_PROTOTYPES = YES;
				CLANG_WARN_SUSPICIOUS_MOVE = YES;
				CLANG_WARN_UNGUARDED_AVAILABILITY = YES_AGGRESSIVE;
				CLANG_WARN_UNREACHABLE_CODE = YES;
				CLANG_WARN__DUPLICATE_METHOD_MATCH = YES;
				CODE_SIGN_IDENTITY = "iPhone Developer";
				COPY_PHASE_STRIP = NO;
				DEBUG_INFORMATION_FORMAT = "dwarf-with-dsym";
				ENABLE_NS_ASSERTIONS = NO;
				ENABLE_STRICT_OBJC_MSGSEND = YES;
				GCC_C_LANGUAGE_STANDARD = gnu11;
				GCC_NO_COMMON_BLOCKS = YES;
				GCC_WARN_64_TO_32_BIT_CONVERSION = YES;
				GCC_WARN_ABOUT_RETURN_TYPE = YES_ERROR;
				GCC_WARN_UNDECLARED_SELECTOR = YES;
				GCC_WARN_UNINITIALIZED_AUTOS = YES_AGGRESSIVE;
				GCC_WARN_UNUSED_FUNCTION = YES;
				GCC_WARN_UNUSED_VARIABLE = YES;
				IPHONEOS_DEPLOYMENT_TARGET = 11.0;
				MTL_ENABLE_DEBUG_INFO = NO;
				SDKROOT = iphoneos;
				SWIFT_OPTIMIZATION_LEVEL = "-Owholemodule";
				VALIDATE_PRODUCT = YES;
			};
			name = Release;
		};
		FDFA1E4626E8D65E00FEA89C /* Debug */ = {
			isa = XCBuildConfiguration;
			buildSettings = {
				ASSETCATALOG_COMPILER_APPICON_NAME = AppIcon;
				CODE_SIGN_STYLE = Automatic;
				DEVELOPMENT_TEAM = ZN47MN3UTZ;
				INFOPLIST_FILE = PokedexApp/Info.plist;
				LD_RUNPATH_SEARCH_PATHS = "$(inherited) @executable_path/Frameworks";
				PRODUCT_BUNDLE_IDENTIFIER = hellow.PokedexApp;
				PRODUCT_NAME = "$(TARGET_NAME)";
				SWIFT_VERSION = 4.0;
				TARGETED_DEVICE_FAMILY = "1,2";
			};
			name = Debug;
		};
		FDFA1E4726E8D65E00FEA89C /* Release */ = {
			isa = XCBuildConfiguration;
			buildSettings = {
				ASSETCATALOG_COMPILER_APPICON_NAME = AppIcon;
				CODE_SIGN_STYLE = Automatic;
				DEVELOPMENT_TEAM = ZN47MN3UTZ;
				INFOPLIST_FILE = PokedexApp/Info.plist;
				LD_RUNPATH_SEARCH_PATHS = "$(inherited) @executable_path/Frameworks";
				PRODUCT_BUNDLE_IDENTIFIER = hellow.PokedexApp;
				PRODUCT_NAME = "$(TARGET_NAME)";
				SWIFT_VERSION = 4.0;
				TARGETED_DEVICE_FAMILY = "1,2";
			};
			name = Release;
		};
		FDFA1E4926E8D65E00FEA89C /* Debug */ = {
			isa = XCBuildConfiguration;
			buildSettings = {
				ALWAYS_EMBED_SWIFT_STANDARD_LIBRARIES = YES;
				BUNDLE_LOADER = "$(TEST_HOST)";
				CODE_SIGN_STYLE = Automatic;
				DEVELOPMENT_TEAM = ZN47MN3UTZ;
				INFOPLIST_FILE = PokedexAppTests/Info.plist;
				LD_RUNPATH_SEARCH_PATHS = "$(inherited) @executable_path/Frameworks @loader_path/Frameworks";
				PRODUCT_BUNDLE_IDENTIFIER = hellow.PokedexAppTests;
				PRODUCT_NAME = "$(TARGET_NAME)";
				SWIFT_VERSION = 4.0;
				TARGETED_DEVICE_FAMILY = "1,2";
				TEST_HOST = "$(BUILT_PRODUCTS_DIR)/PokedexApp.app/PokedexApp";
			};
			name = Debug;
		};
		FDFA1E4A26E8D65E00FEA89C /* Release */ = {
			isa = XCBuildConfiguration;
			buildSettings = {
				ALWAYS_EMBED_SWIFT_STANDARD_LIBRARIES = YES;
				BUNDLE_LOADER = "$(TEST_HOST)";
				CODE_SIGN_STYLE = Automatic;
				DEVELOPMENT_TEAM = ZN47MN3UTZ;
				INFOPLIST_FILE = PokedexAppTests/Info.plist;
				LD_RUNPATH_SEARCH_PATHS = "$(inherited) @executable_path/Frameworks @loader_path/Frameworks";
				PRODUCT_BUNDLE_IDENTIFIER = hellow.PokedexAppTests;
				PRODUCT_NAME = "$(TARGET_NAME)";
				SWIFT_VERSION = 4.0;
				TARGETED_DEVICE_FAMILY = "1,2";
				TEST_HOST = "$(BUILT_PRODUCTS_DIR)/PokedexApp.app/PokedexApp";
			};
			name = Release;
		};
		FDFA1E4C26E8D65E00FEA89C /* Debug */ = {
			isa = XCBuildConfiguration;
			buildSettings = {
				ALWAYS_EMBED_SWIFT_STANDARD_LIBRARIES = YES;
				CODE_SIGN_STYLE = Automatic;
				DEVELOPMENT_TEAM = ZN47MN3UTZ;
				INFOPLIST_FILE = PokedexAppUITests/Info.plist;
				LD_RUNPATH_SEARCH_PATHS = "$(inherited) @executable_path/Frameworks @loader_path/Frameworks";
				PRODUCT_BUNDLE_IDENTIFIER = hellow.PokedexAppUITests;
				PRODUCT_NAME = "$(TARGET_NAME)";
				SWIFT_VERSION = 4.0;
				TARGETED_DEVICE_FAMILY = "1,2";
				TEST_TARGET_NAME = PokedexApp;
			};
			name = Debug;
		};
		FDFA1E4D26E8D65E00FEA89C /* Release */ = {
			isa = XCBuildConfiguration;
			buildSettings = {
				ALWAYS_EMBED_SWIFT_STANDARD_LIBRARIES = YES;
				CODE_SIGN_STYLE = Automatic;
				DEVELOPMENT_TEAM = ZN47MN3UTZ;
				INFOPLIST_FILE = PokedexAppUITests/Info.plist;
				LD_RUNPATH_SEARCH_PATHS = "$(inherited) @executable_path/Frameworks @loader_path/Frameworks";
				PRODUCT_BUNDLE_IDENTIFIER = hellow.PokedexAppUITests;
				PRODUCT_NAME = "$(TARGET_NAME)";
				SWIFT_VERSION = 4.0;
				TARGETED_DEVICE_FAMILY = "1,2";
				TEST_TARGET_NAME = PokedexApp;
			};
			name = Release;
		};
/* End XCBuildConfiguration section */

/* Begin XCConfigurationList section */
		FDFA1E1826E8D65A00FEA89C /* Build configuration list for PBXProject "PokedexApp" */ = {
			isa = XCConfigurationList;
			buildConfigurations = (
				FDFA1E4326E8D65E00FEA89C /* Debug */,
				FDFA1E4426E8D65E00FEA89C /* Release */,
			);
			defaultConfigurationIsVisible = 0;
			defaultConfigurationName = Release;
		};
		FDFA1E4526E8D65E00FEA89C /* Build configuration list for PBXNativeTarget "PokedexApp" */ = {
			isa = XCConfigurationList;
			buildConfigurations = (
				FDFA1E4626E8D65E00FEA89C /* Debug */,
				FDFA1E4726E8D65E00FEA89C /* Release */,
			);
			defaultConfigurationIsVisible = 0;
			defaultConfigurationName = Release;
		};
		FDFA1E4826E8D65E00FEA89C /* Build configuration list for PBXNativeTarget "PokedexAppTests" */ = {
			isa = XCConfigurationList;
			buildConfigurations = (
				FDFA1E4926E8D65E00FEA89C /* Debug */,
				FDFA1E4A26E8D65E00FEA89C /* Release */,
			);
			defaultConfigurationIsVisible = 0;
			defaultConfigurationName = Release;
		};
		FDFA1E4B26E8D65E00FEA89C /* Build configuration list for PBXNativeTarget "PokedexAppUITests" */ = {
			isa = XCConfigurationList;
			buildConfigurations = (
				FDFA1E4C26E8D65E00FEA89C /* Debug */,
				FDFA1E4D26E8D65E00FEA89C /* Release */,
			);
			defaultConfigurationIsVisible = 0;
			defaultConfigurationName = Release;
		};
/* End XCConfigurationList section */
	};
	rootObject = FDFA1E1526E8D65A00FEA89C /* Project object */;
}
